
Microsoft Visual Studio Solution File, Format Version 12.00
# Visual Studio Version 17
VisualStudioVersion = 17.1.32210.238
MinimumVisualStudioVersion = 10.0.40219.1
Project("{FAE04EC0-301F-11D3-BF4B-00C04F79EFBC}") = "QuanLySanPhamWeb", "QuanLySanPhamWeb\QuanLySanPhamWeb.csproj", "{09B3A922-4DE0-4A3D-8872-691576C8BA68}"
EndProject
Global
	GlobalSection(SolutionConfigurationPlatforms) = preSolution
		Debug|Any CPU = Debug|Any CPU
		Release|Any CPU = Release|Any CPU
	EndGlobalSection
	GlobalSection(ProjectConfigurationPlatforms) = postSolution
		{09B3A922-4DE0-4A3D-8872-691576C8BA68}.Debug|Any CPU.ActiveCfg = Debug|Any CPU
		{09B3A922-4DE0-4A3D-8872-691576C8BA68}.Debug|Any CPU.Build.0 = Debug|Any CPU
		{09B3A922-4DE0-4A3D-8872-691576C8BA68}.Release|Any CPU.ActiveCfg = Release|Any CPU
		{09B3A922-4DE0-4A3D-8872-691576C8BA68}.Release|Any CPU.Build.0 = Release|Any CPU
	EndGlobalSection
	GlobalSection(SolutionProperties) = preSolution
		HideSolutionNode = FALSE
	EndGlobalSection
	GlobalSection(ExtensibilityGlobals) = postSolution
		SolutionGuid = {2425428E-DD96-488B-A4D1-F273DFAA9DE4}
	EndGlobalSection
EndGlobal
